// !$*UTF8*$!
{
	archiveVersion = 1;
	classes = {
	};
	objectVersion = 50;
	objects = {

/* Begin PBXBuildFile section */
		A5D5CA9424AB322A008B8915 /* AppDelegate.swift in Sources */ = {isa = PBXBuildFile; fileRef = A5D5CA9324AB322A008B8915 /* AppDelegate.swift */; };
		A5D5CA9624AB322A008B8915 /* SceneDelegate.swift in Sources */ = {isa = PBXBuildFile; fileRef = A5D5CA9524AB322A008B8915 /* SceneDelegate.swift */; };
		A5D5CA9824AB322A008B8915 /* ViewController.swift in Sources */ = {isa = PBXBuildFile; fileRef = A5D5CA9724AB322A008B8915 /* ViewController.swift */; };
		A5D5CA9B24AB322A008B8915 /* Main.storyboard in Resources */ = {isa = PBXBuildFile; fileRef = A5D5CA9924AB322A008B8915 /* Main.storyboard */; };
		A5D5CA9D24AB322B008B8915 /* Assets.xcassets in Resources */ = {isa = PBXBuildFile; fileRef = A5D5CA9C24AB322B008B8915 /* Assets.xcassets */; };
		A5D5CAA024AB322B008B8915 /* LaunchScreen.storyboard in Resources */ = {isa = PBXBuildFile; fileRef = A5D5CA9E24AB322B008B8915 /* LaunchScreen.storyboard */; };
		A5D5CAAB24AB322B008B8915 /* JenkinsTestTests.swift in Sources */ = {isa = PBXBuildFile; fileRef = A5D5CAAA24AB322B008B8915 /* JenkinsTestTests.swift */; };
/* End PBXBuildFile section */

/* Begin PBXContainerItemProxy section */
		A5D5CAA724AB322B008B8915 /* PBXContainerItemProxy */ = {
			isa = PBXContainerItemProxy;
			containerPortal = A5D5CA8824AB322A008B8915 /* Project object */;
			proxyType = 1;
			remoteGlobalIDString = A5D5CA8F24AB322A008B8915;
			remoteInfo = JenkinsTest;
		};
/* End PBXContainerItemProxy section */

/* Begin PBXFileReference section */
		A5D5CA9024AB322A008B8915 /* JenkinsTest.app */ = {isa = PBXFileReference; explicitFileType = wrapper.application; includeInIndex = 0; path = JenkinsTest.app; sourceTree = BUILT_PRODUCTS_DIR; };
		A5D5CA9324AB322A008B8915 /* AppDelegate.swift */ = {isa = PBXFileReference; lastKnownFileType = sourcecode.swift; path = AppDelegate.swift; sourceTree = "<group>"; };
		A5D5CA9524AB322A008B8915 /* SceneDelegate.swift */ = {isa = PBXFileReference; lastKnownFileType = sourcecode.swift; path = SceneDelegate.swift; sourceTree = "<group>"; };
		A5D5CA9724AB322A008B8915 /* ViewController.swift */ = {isa = PBXFileReference; lastKnownFileType = sourcecode.swift; path = ViewController.swift; sourceTree = "<group>"; };
		A5D5CA9A24AB322A008B8915 /* Base */ = {isa = PBXFileReference; lastKnownFileType = file.storyboard; name = Base; path = Base.lproj/Main.storyboard; sourceTree = "<group>"; };
		A5D5CA9C24AB322B008B8915 /* Assets.xcassets */ = {isa = PBXFileReference; lastKnownFileType = folder.assetcatalog; path = Assets.xcassets; sourceTree = "<group>"; };
		A5D5CA9F24AB322B008B8915 /* Base */ = {isa = PBXFileReference; lastKnownFileType = file.storyboard; name = Base; path = Base.lproj/LaunchScreen.storyboard; sourceTree = "<group>"; };
		A5D5CAA124AB322B008B8915 /* Info.plist */ = {isa = PBXFileReference; lastKnownFileType = text.plist.xml; path = Info.plist; sourceTree = "<group>"; };
		A5D5CAA624AB322B008B8915 /* JenkinsTestTests.xctest */ = {isa = PBXFileReference; explicitFileType = wrapper.cfbundle; includeInIndex = 0; path = JenkinsTestTests.xctest; sourceTree = BUILT_PRODUCTS_DIR; };
		A5D5CAAA24AB322B008B8915 /* JenkinsTestTests.swift */ = {isa = PBXFileReference; lastKnownFileType = sourcecode.swift; path = JenkinsTestTests.swift; sourceTree = "<group>"; };
		A5D5CAAC24AB322B008B8915 /* Info.plist */ = {isa = PBXFileReference; lastKnownFileType = text.plist.xml; path = Info.plist; sourceTree = "<group>"; };
/* End PBXFileReference section */

/* Begin PBXFrameworksBuildPhase section */
		A5D5CA8D24AB322A008B8915 /* Frameworks */ = {
			isa = PBXFrameworksBuildPhase;
			buildActionMask = 2147483647;
			files = (
			);
			runOnlyForDeploymentPostprocessing = 0;
		};
		A5D5CAA324AB322B008B8915 /* Frameworks */ = {
			isa = PBXFrameworksBuildPhase;
			buildActionMask = 2147483647;
			files = (
			);
			runOnlyForDeploymentPostprocessing = 0;
		};
/* End PBXFrameworksBuildPhase section */

/* Begin PBXGroup section */
		A5D5CA8724AB322A008B8915 = {
			isa = PBXGroup;
			children = (
				A5D5CA9224AB322A008B8915 /* JenkinsTest */,
				A5D5CAA924AB322B008B8915 /* JenkinsTestTests */,
				A5D5CA9124AB322A008B8915 /* Products */,
			);
			sourceTree = "<group>";
		};
		A5D5CA9124AB322A008B8915 /* Products */ = {
			isa = PBXGroup;
			children = (
				A5D5CA9024AB322A008B8915 /* JenkinsTest.app */,
				A5D5CAA624AB322B008B8915 /* JenkinsTestTests.xctest */,
			);
			name = Products;
			sourceTree = "<group>";
		};
		A5D5CA9224AB322A008B8915 /* JenkinsTest */ = {
			isa = PBXGroup;
			children = (
				A5D5CA9324AB322A008B8915 /* AppDelegate.swift */,
				A5D5CA9524AB322A008B8915 /* SceneDelegate.swift */,
				A5D5CA9724AB322A008B8915 /* ViewController.swift */,
				A5D5CA9924AB322A008B8915 /* Main.storyboard */,
				A5D5CA9C24AB322B008B8915 /* Assets.xcassets */,
				A5D5CA9E24AB322B008B8915 /* LaunchScreen.storyboard */,
				A5D5CAA124AB322B008B8915 /* Info.plist */,
			);
			path = JenkinsTest;
			sourceTree = "<group>";
		};
		A5D5CAA924AB322B008B8915 /* JenkinsTestTests */ = {
			isa = PBXGroup;
			children = (
				A5D5CAAA24AB322B008B8915 /* JenkinsTestTests.swift */,
				A5D5CAAC24AB322B008B8915 /* Info.plist */,
			);
			path = JenkinsTestTests;
			sourceTree = "<group>";
		};
/* End PBXGroup section */

/* Begin PBXNativeTarget section */
		A5D5CA8F24AB322A008B8915 /* JenkinsTest */ = {
			isa = PBXNativeTarget;
			buildConfigurationList = A5D5CAAF24AB322B008B8915 /* Build configuration list for PBXNativeTarget "JenkinsTest" */;
			buildPhases = (
				A5D5CA8C24AB322A008B8915 /* Sources */,
				A5D5CA8D24AB322A008B8915 /* Frameworks */,
				A5D5CA8E24AB322A008B8915 /* Resources */,
			);
			buildRules = (
			);
			dependencies = (
			);
			name = JenkinsTest;
			productName = JenkinsTest;
			productReference = A5D5CA9024AB322A008B8915 /* JenkinsTest.app */;
			productType = "com.apple.product-type.application";
		};
		A5D5CAA524AB322B008B8915 /* JenkinsTestTests */ = {
			isa = PBXNativeTarget;
			buildConfigurationList = A5D5CAB224AB322B008B8915 /* Build configuration list for PBXNativeTarget "JenkinsTestTests" */;
			buildPhases = (
				A5D5CAA224AB322B008B8915 /* Sources */,
				A5D5CAA324AB322B008B8915 /* Frameworks */,
				A5D5CAA424AB322B008B8915 /* Resources */,
			);
			buildRules = (
			);
			dependencies = (
				A5D5CAA824AB322B008B8915 /* PBXTargetDependency */,
			);
			name = JenkinsTestTests;
			productName = JenkinsTestTests;
			productReference = A5D5CAA624AB322B008B8915 /* JenkinsTestTests.xctest */;
			productType = "com.apple.product-type.bundle.unit-test";
		};
/* End PBXNativeTarget section */

/* Begin PBXProject section */
		A5D5CA8824AB322A008B8915 /* Project object */ = {
			isa = PBXProject;
			attributes = {
				LastSwiftUpdateCheck = 1150;
				LastUpgradeCheck = 1150;
				ORGANIZATIONNAME = "Fumiaki Kobayashi";
				TargetAttributes = {
					A5D5CA8F24AB322A008B8915 = {
						CreatedOnToolsVersion = 11.5;
					};
					A5D5CAA524AB322B008B8915 = {
						CreatedOnToolsVersion = 11.5;
						TestTargetID = A5D5CA8F24AB322A008B8915;
					};
				};
			};
			buildConfigurationList = A5D5CA8B24AB322A008B8915 /* Build configuration list for PBXProject "JenkinsTest" */;
			compatibilityVersion = "Xcode 9.3";
			developmentRegion = en;
			hasScannedForEncodings = 0;
			knownRegions = (
				en,
				Base,
			);
			mainGroup = A5D5CA8724AB322A008B8915;
			productRefGroup = A5D5CA9124AB322A008B8915 /* Products */;
			projectDirPath = "";
			projectRoot = "";
			targets = (
				A5D5CA8F24AB322A008B8915 /* JenkinsTest */,
				A5D5CAA524AB322B008B8915 /* JenkinsTestTests */,
			);
		};
/* End PBXProject section */

/* Begin PBXResourcesBuildPhase section */
		A5D5CA8E24AB322A008B8915 /* Resources */ = {
			isa = PBXResourcesBuildPhase;
			buildActionMask = 2147483647;
			files = (
				A5D5CAA024AB322B008B8915 /* LaunchScreen.storyboard in Resources */,
				A5D5CA9D24AB322B008B8915 /* Assets.xcassets in Resources */,
				A5D5CA9B24AB322A008B8915 /* Main.storyboard in Resources */,
			);
			runOnlyForDeploymentPostprocessing = 0;
		};
		A5D5CAA424AB322B008B8915 /* Resources */ = {
			isa = PBXResourcesBuildPhase;
			buildActionMask = 2147483647;
			files = (
			);
			runOnlyForDeploymentPostprocessing = 0;
		};
/* End PBXResourcesBuildPhase section */

/* Begin PBXSourcesBuildPhase section */
		A5D5CA8C24AB322A008B8915 /* Sources */ = {
			isa = PBXSourcesBuildPhase;
			buildActionMask = 2147483647;
			files = (
				A5D5CA9824AB322A008B8915 /* ViewController.swift in Sources */,
				A5D5CA9424AB322A008B8915 /* AppDelegate.swift in Sources */,
				A5D5CA9624AB322A008B8915 /* SceneDelegate.swift in Sources */,
			);
			runOnlyForDeploymentPostprocessing = 0;
		};
		A5D5CAA224AB322B008B8915 /* Sources */ = {
			isa = PBXSourcesBuildPhase;
			buildActionMask = 2147483647;
			files = (
				A5D5CAAB24AB322B008B8915 /* JenkinsTestTests.swift in Sources */,
			);
			runOnlyForDeploymentPostprocessing = 0;
		};
/* End PBXSourcesBuildPhase section */

/* Begin PBXTargetDependency section */
		A5D5CAA824AB322B008B8915 /* PBXTargetDependency */ = {
			isa = PBXTargetDependency;
			target = A5D5CA8F24AB322A008B8915 /* JenkinsTest */;
			targetProxy = A5D5CAA724AB322B008B8915 /* PBXContainerItemProxy */;
		};
/* End PBXTargetDependency section */

/* Begin PBXVariantGroup section */
		A5D5CA9924AB322A008B8915 /* Main.storyboard */ = {
			isa = PBXVariantGroup;
			children = (
				A5D5CA9A24AB322A008B8915 /* Base */,
			);
			name = Main.storyboard;
			sourceTree = "<group>";
		};
		A5D5CA9E24AB322B008B8915 /* LaunchScreen.storyboard */ = {
			isa = PBXVariantGroup;
			children = (
				A5D5CA9F24AB322B008B8915 /* Base */,
			);
			name = LaunchScreen.storyboard;
			sourceTree = "<group>";
		};
/* End PBXVariantGroup section */

/* Begin XCBuildConfiguration section */
		A5D5CAAD24AB322B008B8915 /* Debug */ = {
			isa = XCBuildConfiguration;
			buildSettings = {
				ALWAYS_SEARCH_USER_PATHS = NO;
				CLANG_ANALYZER_NONNULL = YES;
				CLANG_ANALYZER_NUMBER_OBJECT_CONVERSION = YES_AGGRESSIVE;
				CLANG_CXX_LANGUAGE_STANDARD = "gnu++14";
				CLANG_CXX_LIBRARY = "libc++";
				CLANG_ENABLE_MODULES = YES;
				CLANG_ENABLE_OBJC_ARC = YES;
				CLANG_ENABLE_OBJC_WEAK = YES;
				CLANG_WARN_BLOCK_CAPTURE_AUTORELEASING = YES;
				CLANG_WARN_BOOL_CONVERSION = YES;
				CLANG_WARN_COMMA = YES;
				CLANG_WARN_CONSTANT_CONVERSION = YES;
				CLANG_WARN_DEPRECATED_OBJC_IMPLEMENTATIONS = YES;
				CLANG_WARN_DIRECT_OBJC_ISA_USAGE = YES_ERROR;
				CLANG_WARN_DOCUMENTATION_COMMENTS = YES;
				CLANG_WARN_EMPTY_BODY = YES;
				CLANG_WARN_ENUM_CONVERSION = YES;
				CLANG_WARN_INFINITE_RECURSION = YES;
				CLANG_WARN_INT_CONVERSION = YES;
				CLANG_WARN_NON_LITERAL_NULL_CONVERSION = YES;
				CLANG_WARN_OBJC_IMPLICIT_RETAIN_SELF = YES;
				CLANG_WARN_OBJC_LITERAL_CONVERSION = YES;
				CLANG_WARN_OBJC_ROOT_CLASS = YES_ERROR;
				CLANG_WARN_RANGE_LOOP_ANALYSIS = YES;
				CLANG_WARN_STRICT_PROTOTYPES = YES;
				CLANG_WARN_SUSPICIOUS_MOVE = YES;
				CLANG_WARN_UNGUARDED_AVAILABILITY = YES_AGGRESSIVE;
				CLANG_WARN_UNREACHABLE_CODE = YES;
				CLANG_WARN__DUPLICATE_METHOD_MATCH = YES;
				COPY_PHASE_STRIP = NO;
				DEBUG_INFORMATION_FORMAT = dwarf;
				ENABLE_STRICT_OBJC_MSGSEND = YES;
				ENABLE_TESTABILITY = YES;
				GCC_C_LANGUAGE_STANDARD = gnu11;
				GCC_DYNAMIC_NO_PIC = NO;
				GCC_NO_COMMON_BLOCKS = YES;
				GCC_OPTIMIZATION_LEVEL = 0;
				GCC_PREPROCESSOR_DEFINITIONS = (
					"DEBUG=1",
					"$(inherited)",
				);
				GCC_WARN_64_TO_32_BIT_CONVERSION = YES;
				GCC_WARN_ABOUT_RETURN_TYPE = YES_ERROR;
				GCC_WARN_UNDECLARED_SELECTOR = YES;
				GCC_WARN_UNINITIALIZED_AUTOS = YES_AGGRESSIVE;
				GCC_WARN_UNUSED_FUNCTION = YES;
				GCC_WARN_UNUSED_VARIABLE = YES;
				IPHONEOS_DEPLOYMENT_TARGET = 13.5;
				MTL_ENABLE_DEBUG_INFO = INCLUDE_SOURCE;
				MTL_FAST_MATH = YES;
				ONLY_ACTIVE_ARCH = YES;
				SDKROOT = iphoneos;
				SWIFT_ACTIVE_COMPILATION_CONDITIONS = DEBUG;
				SWIFT_OPTIMIZATION_LEVEL = "-Onone";
			};
			name = Debug;
		};
		A5D5CAAE24AB322B008B8915 /* Release */ = {
			isa = XCBuildConfiguration;
			buildSettings = {
				ALWAYS_SEARCH_USER_PATHS = NO;
				CLANG_ANALYZER_NONNULL = YES;
				CLANG_ANALYZER_NUMBER_OBJECT_CONVERSION = YES_AGGRESSIVE;
				CLANG_CXX_LANGUAGE_STANDARD = "gnu++14";
				CLANG_CXX_LIBRARY = "libc++";
				CLANG_ENABLE_MODULES = YES;
				CLANG_ENABLE_OBJC_ARC = YES;
				CLANG_ENABLE_OBJC_WEAK = YES;
				CLANG_WARN_BLOCK_CAPTURE_AUTORELEASING = YES;
				CLANG_WARN_BOOL_CONVERSION = YES;
				CLANG_WARN_COMMA = YES;
				CLANG_WARN_CONSTANT_CONVERSION = YES;
				CLANG_WARN_DEPRECATED_OBJC_IMPLEMENTATIONS = YES;
				CLANG_WARN_DIRECT_OBJC_ISA_USAGE = YES_ERROR;
				CLANG_WARN_DOCUMENTATION_COMMENTS = YES;
				CLANG_WARN_EMPTY_BODY = YES;
				CLANG_WARN_ENUM_CONVERSION = YES;
				CLANG_WARN_INFINITE_RECURSION = YES;
				CLANG_WARN_INT_CONVERSION = YES;
				CLANG_WARN_NON_LITERAL_NULL_CONVERSION = YES;
				CLANG_WARN_OBJC_IMPLICIT_RETAIN_SELF = YES;
				CLANG_WARN_OBJC_LITERAL_CONVERSION = YES;
				CLANG_WARN_OBJC_ROOT_CLASS = YES_ERROR;
				CLANG_WARN_RANGE_LOOP_ANALYSIS = YES;
				CLANG_WARN_STRICT_PROTOTYPES = YES;
				CLANG_WARN_SUSPICIOUS_MOVE = YES;
				CLANG_WARN_UNGUARDED_AVAILABILITY = YES_AGGRESSIVE;
				CLANG_WARN_UNREACHABLE_CODE = YES;
				CLANG_WARN__DUPLICATE_METHOD_MATCH = YES;
				COPY_PHASE_STRIP = NO;
				DEBUG_INFORMATION_FORMAT = "dwarf-with-dsym";
				ENABLE_NS_ASSERTIONS = NO;
				ENABLE_STRICT_OBJC_MSGSEND = YES;
				GCC_C_LANGUAGE_STANDARD = gnu11;
				GCC_NO_COMMON_BLOCKS = YES;
				GCC_WARN_64_TO_32_BIT_CONVERSION = YES;
				GCC_WARN_ABOUT_RETURN_TYPE = YES_ERROR;
				GCC_WARN_UNDECLARED_SELECTOR = YES;
				GCC_WARN_UNINITIALIZED_AUTOS = YES_AGGRESSIVE;
				GCC_WARN_UNUSED_FUNCTION = YES;
				GCC_WARN_UNUSED_VARIABLE = YES;
				IPHONEOS_DEPLOYMENT_TARGET = 13.5;
				MTL_ENABLE_DEBUG_INFO = NO;
				MTL_FAST_MATH = YES;
				SDKROOT = iphoneos;
				SWIFT_COMPILATION_MODE = wholemodule;
				SWIFT_OPTIMIZATION_LEVEL = "-O";
				VALIDATE_PRODUCT = YES;
			};
			name = Release;
		};
		A5D5CAB024AB322B008B8915 /* Debug */ = {
			isa = XCBuildConfiguration;
			buildSettings = {
				ASSETCATALOG_COMPILER_APPICON_NAME = AppIcon;
				CODE_SIGN_STYLE = Automatic;
				DEVELOPMENT_TEAM = QCVJB22ZX4;
				INFOPLIST_FILE = JenkinsTest/Info.plist;
				LD_RUNPATH_SEARCH_PATHS = (
					"$(inherited)",
					"@executable_path/Frameworks",
				);
				PRODUCT_BUNDLE_IDENTIFIER = "jp.co.nissan.mail.fumiaki-kobayashi.JenkinsTest";
				PRODUCT_NAME = "$(TARGET_NAME)";
				SWIFT_VERSION = 5.0;
				TARGETED_DEVICE_FAMILY = "1,2";
			};
			name = Debug;
		};
		A5D5CAB124AB322B008B8915 /* Release */ = {
			isa = XCBuildConfiguration;
			buildSettings = {
				ASSETCATALOG_COMPILER_APPICON_NAME = AppIcon;
				CODE_SIGN_STYLE = Automatic;
				DEVELOPMENT_TEAM = QCVJB22ZX4;
				INFOPLIST_FILE = JenkinsTest/Info.plist;
				LD_RUNPATH_SEARCH_PATHS = (
					"$(inherited)",
					"@executable_path/Frameworks",
				);
				PRODUCT_BUNDLE_IDENTIFIER = "jp.co.nissan.mail.fumiaki-kobayashi.JenkinsTest";
				PRODUCT_NAME = "$(TARGET_NAME)";
				SWIFT_VERSION = 5.0;
				TARGETED_DEVICE_FAMILY = "1,2";
			};
			name = Release;
		};
		A5D5CAB324AB322B008B8915 /* Debug */ = {
			isa = XCBuildConfiguration;
			buildSettings = {
				ALWAYS_EMBED_SWIFT_STANDARD_LIBRARIES = YES;
				BUNDLE_LOADER = "$(TEST_HOST)";
				CODE_SIGN_STYLE = Automatic;
				DEVELOPMENT_TEAM = QCVJB22ZX4;
				INFOPLIST_FILE = JenkinsTestTests/Info.plist;
				IPHONEOS_DEPLOYMENT_TARGET = 13.5;
				LD_RUNPATH_SEARCH_PATHS = (
					"$(inherited)",
					"@executable_path/Frameworks",
					"@loader_path/Frameworks",
				);
				PRODUCT_BUNDLE_IDENTIFIER = "jp.co.nissan.mail.fumiaki-kobayashi.JenkinsTestTests";
				PRODUCT_NAME = "$(TARGET_NAME)";
				SWIFT_VERSION = 5.0;
				TARGETED_DEVICE_FAMILY = "1,2";
				TEST_HOST = "$(BUILT_PRODUCTS_DIR)/JenkinsTest.app/JenkinsTest";
			};
			name = Debug;
		};
		A5D5CAB424AB322B008B8915 /* Release */ = {
			isa = XCBuildConfiguration;
			buildSettings = {
				ALWAYS_EMBED_SWIFT_STANDARD_LIBRARIES = YES;
				BUNDLE_LOADER = "$(TEST_HOST)";
				CODE_SIGN_STYLE = Automatic;
				DEVELOPMENT_TEAM = QCVJB22ZX4;
				INFOPLIST_FILE = JenkinsTestTests/Info.plist;
				IPHONEOS_DEPLOYMENT_TARGET = 13.5;
				LD_RUNPATH_SEARCH_PATHS = (
					"$(inherited)",
					"@executable_path/Frameworks",
					"@loader_path/Frameworks",
				);
				PRODUCT_BUNDLE_IDENTIFIER = "jp.co.nissan.mail.fumiaki-kobayashi.JenkinsTestTests";
				PRODUCT_NAME = "$(TARGET_NAME)";
				SWIFT_VERSION = 5.0;
				TARGETED_DEVICE_FAMILY = "1,2";
				TEST_HOST = "$(BUILT_PRODUCTS_DIR)/JenkinsTest.app/JenkinsTest";
			};
			name = Release;
		};
/* End XCBuildConfiguration section */

/* Begin XCConfigurationList section */
		A5D5CA8B24AB322A008B8915 /* Build configuration list for PBXProject "JenkinsTest" */ = {
			isa = XCConfigurationList;
			buildConfigurations = (
				A5D5CAAD24AB322B008B8915 /* Debug */,
				A5D5CAAE24AB322B008B8915 /* Release */,
			);
			defaultConfigurationIsVisible = 0;
			defaultConfigurationName = Release;
		};
		A5D5CAAF24AB322B008B8915 /* Build configuration list for PBXNativeTarget "JenkinsTest" */ = {
			isa = XCConfigurationList;
			buildConfigurations = (
				A5D5CAB024AB322B008B8915 /* Debug */,
				A5D5CAB124AB322B008B8915 /* Release */,
			);
			defaultConfigurationIsVisible = 0;
			defaultConfigurationName = Release;
		};
		A5D5CAB224AB322B008B8915 /* Build configuration list for PBXNativeTarget "JenkinsTestTests" */ = {
			isa = XCConfigurationList;
			buildConfigurations = (
				A5D5CAB324AB322B008B8915 /* Debug */,
				A5D5CAB424AB322B008B8915 /* Release */,
			);
			defaultConfigurationIsVisible = 0;
			defaultConfigurationName = Release;
		};
/* End XCConfigurationList section */
	};
	rootObject = A5D5CA8824AB322A008B8915 /* Project object */;
}
